schema: '2.0'
stages:
  cleanup:
    cmd: python process.py
    deps:
    - path: dataset.csv
      hash: md5
      md5: d3bc46eabce6c860dcb98ffa513ddf54
      size: 39
    - path: process.py
      hash: md5
      md5: 153e191c8e77d3f9b99d5c4036aa50da
      size: 715
    outs:
    - path: processed_data.csv
      hash: md5
      md5: c4e86aafee9f8de48933c22471d6950d
      size: 35
  train:
    cmd: python train.py
    deps:
    - path: processed_data.csv
      hash: md5
      md5: c4e86aafee9f8de48933c22471d6950d
      size: 35
    - path: train.py
      hash: md5
      md5: 142789a135ddc0b1be5b67d953427a1f
      size: 580
    outs:
    - path: metrics.json
      hash: md5
      md5: 991e2907b5b9c9257b484d5f76bf399b
      size: 29
